Microsoft Visual Studio Solution File, Format Version 12.00
# Visual Studio Version 17
VisualStudioVersion = 17.5.2.0
MinimumVisualStudioVersion = 10.0.40219.1
Project("{FAE04EC0-301F-11D3-BF4B-00C04F79EFBC}") = "UAE_Pass_Poc", "UAE_Pass_Poc.csproj", "{7178F5B9-837E-75F8-D365-323618D9A5F3}"
EndProject
Global
	GlobalSection(SolutionConfigurationPlatforms) = preSolution
		Debug|Any CPU = Debug|Any CPU
		Release|Any CPU = Release|Any CPU
	EndGlobalSection
	GlobalSection(ProjectConfigurationPlatforms) = postSolution
		{7178F5B9-837E-75F8-D365-323618D9A5F3}.Debug|Any CPU.ActiveCfg = Debug|Any CPU
		{7178F5B9-837E-75F8-D365-323618D9A5F3}.Debug|Any CPU.Build.0 = Debug|Any CPU
		{7178F5B9-837E-75F8-D365-323618D9A5F3}.Release|Any CPU.ActiveCfg = Release|Any CPU
		{7178F5B9-837E-75F8-D365-323618D9A5F3}.Release|Any CPU.Build.0 = Release|Any CPU
	EndGlobalSection
	GlobalSection(SolutionProperties) = preSolution
		HideSolutionNode = FALSE
	EndGlobalSection
	GlobalSection(ExtensibilityGlobals) = postSolution
		SolutionGuid = {C5573440-7DF6-455C-92DD-3583401C7DD5}
	EndGlobalSection
EndGlobal
